// !$*UTF8*$!
{
	archiveVersion = 1;
	classes = {
	};
	objectVersion = 50;
	objects = {

/* Begin PBXBuildFile section */
		1E4904E026E9DF2000E10375 /* AppDelegate.m in Sources */ = {isa = PBXBuildFile; fileRef = 1E4904DF26E9DF2000E10375 /* AppDelegate.m */; };
		1E4904E326E9DF2000E10375 /* SceneDelegate.m in Sources */ = {isa = PBXBuildFile; fileRef = 1E4904E226E9DF2000E10375 /* SceneDelegate.m */; };
		1E4904E926E9DF2000E10375 /* Main.storyboard in Resources */ = {isa = PBXBuildFile; fileRef = 1E4904E726E9DF2000E10375 /* Main.storyboard */; };
		1E4904EB26E9DF2200E10375 /* Assets.xcassets in Resources */ = {isa = PBXBuildFile; fileRef = 1E4904EA26E9DF2200E10375 /* Assets.xcassets */; };
		1E4904EE26E9DF2200E10375 /* LaunchScreen.storyboard in Resources */ = {isa = PBXBuildFile; fileRef = 1E4904EC26E9DF2200E10375 /* LaunchScreen.storyboard */; };
		1E4904F126E9DF2200E10375 /* main.m in Sources */ = {isa = PBXBuildFile; fileRef = 1E4904F026E9DF2200E10375 /* main.m */; };
		1E49053226F1D90000E10375 /* LZListLoader.m in Sources */ = {isa = PBXBuildFile; fileRef = 1E49053126F1D90000E10375 /* LZListLoader.m */; };
		1E9EFD04276CA86F002C0D95 /* LZListModel.m in Sources */ = {isa = PBXBuildFile; fileRef = 1E9EFD03276CA86F002C0D95 /* LZListModel.m */; };
		1ECE006626FC625200A244B8 /* Empty.xib in Resources */ = {isa = PBXBuildFile; fileRef = 1ECE006526FC625200A244B8 /* Empty.xib */; };
		1EECB7952764CD68003745FE /* LZNewsViewController.m in Sources */ = {isa = PBXBuildFile; fileRef = 1EECB7942764CD68003745FE /* LZNewsViewController.m */; };
		1EECB7AE2767763B003745FE /* LZRecommendController.m in Sources */ = {isa = PBXBuildFile; fileRef = 1EECB7AD2767763B003745FE /* LZRecommendController.m */; };
		1EECB7B127678B1B003745FE /* LZNormalTableViewCell.m in Sources */ = {isa = PBXBuildFile; fileRef = 1EECB7B027678B1B003745FE /* LZNormalTableViewCell.m */; };
		1EECB7B4276858CA003745FE /* LZDetailController.m in Sources */ = {isa = PBXBuildFile; fileRef = 1EECB7B3276858CA003745FE /* LZDetailController.m */; };
		1EECB7B727689565003745FE /* LZDeleteCellView.m in Sources */ = {isa = PBXBuildFile; fileRef = 1EECB7B627689565003745FE /* LZDeleteCellView.m */; };
		3E9C17BA1E42EFB5582330D5 /* libPods-JIKEProject.a in Frameworks */ = {isa = PBXBuildFile; fileRef = 0A0EE2DB9E320D7C7CC30D14 /* libPods-JIKEProject.a */; };
/* End PBXBuildFile section */

/* Begin PBXFileReference section */
		0A0EE2DB9E320D7C7CC30D14 /* libPods-JIKEProject.a */ = {isa = PBXFileReference; explicitFileType = archive.ar; includeInIndex = 0; path = "libPods-JIKEProject.a"; sourceTree = BUILT_PRODUCTS_DIR; };
		1E4904DB26E9DF2000E10375 /* JIKEProject.app */ = {isa = PBXFileReference; explicitFileType = wrapper.application; includeInIndex = 0; path = JIKEProject.app; sourceTree = BUILT_PRODUCTS_DIR; };
		1E4904DE26E9DF2000E10375 /* AppDelegate.h */ = {isa = PBXFileReference; lastKnownFileType = sourcecode.c.h; path = AppDelegate.h; sourceTree = "<group>"; };
		1E4904DF26E9DF2000E10375 /* AppDelegate.m */ = {isa = PBXFileReference; lastKnownFileType = sourcecode.c.objc; path = AppDelegate.m; sourceTree = "<group>"; };
		1E4904E126E9DF2000E10375 /* SceneDelegate.h */ = {isa = PBXFileReference; lastKnownFileType = sourcecode.c.h; path = SceneDelegate.h; sourceTree = "<group>"; };
		1E4904E226E9DF2000E10375 /* SceneDelegate.m */ = {isa = PBXFileReference; lastKnownFileType = sourcecode.c.objc; path = SceneDelegate.m; sourceTree = "<group>"; };
		1E4904E826E9DF2000E10375 /* Base */ = {isa = PBXFileReference; lastKnownFileType = file.storyboard; name = Base; path = Base.lproj/Main.storyboard; sourceTree = "<group>"; };
		1E4904EA26E9DF2200E10375 /* Assets.xcassets */ = {isa = PBXFileReference; lastKnownFileType = folder.assetcatalog; path = Assets.xcassets; sourceTree = "<group>"; };
		1E4904ED26E9DF2200E10375 /* Base */ = {isa = PBXFileReference; lastKnownFileType = file.storyboard; name = Base; path = Base.lproj/LaunchScreen.storyboard; sourceTree = "<group>"; };
		1E4904EF26E9DF2200E10375 /* Info.plist */ = {isa = PBXFileReference; lastKnownFileType = text.plist.xml; path = Info.plist; sourceTree = "<group>"; };
		1E4904F026E9DF2200E10375 /* main.m */ = {isa = PBXFileReference; lastKnownFileType = sourcecode.c.objc; path = main.m; sourceTree = "<group>"; };
		1E49053026F1D90000E10375 /* LZListLoader.h */ = {isa = PBXFileReference; lastKnownFileType = sourcecode.c.h; path = LZListLoader.h; sourceTree = "<group>"; };
		1E49053126F1D90000E10375 /* LZListLoader.m */ = {isa = PBXFileReference; lastKnownFileType = sourcecode.c.objc; path = LZListLoader.m; sourceTree = "<group>"; };
		1E9EFD02276CA86F002C0D95 /* LZListModel.h */ = {isa = PBXFileReference; lastKnownFileType = sourcecode.c.h; path = LZListModel.h; sourceTree = "<group>"; };
		1E9EFD03276CA86F002C0D95 /* LZListModel.m */ = {isa = PBXFileReference; lastKnownFileType = sourcecode.c.objc; path = LZListModel.m; sourceTree = "<group>"; };
		1ECE006526FC625200A244B8 /* Empty.xib */ = {isa = PBXFileReference; lastKnownFileType = file.xib; path = Empty.xib; sourceTree = "<group>"; };
		1EECB7932764CD68003745FE /* LZNewsViewController.h */ = {isa = PBXFileReference; lastKnownFileType = sourcecode.c.h; path = LZNewsViewController.h; sourceTree = "<group>"; };
		1EECB7942764CD68003745FE /* LZNewsViewController.m */ = {isa = PBXFileReference; lastKnownFileType = sourcecode.c.objc; path = LZNewsViewController.m; sourceTree = "<group>"; };
		1EECB7AC2767763B003745FE /* LZRecommendController.h */ = {isa = PBXFileReference; lastKnownFileType = sourcecode.c.h; path = LZRecommendController.h; sourceTree = "<group>"; };
		1EECB7AD2767763B003745FE /* LZRecommendController.m */ = {isa = PBXFileReference; lastKnownFileType = sourcecode.c.objc; path = LZRecommendController.m; sourceTree = "<group>"; };
		1EECB7AF27678B1B003745FE /* LZNormalTableViewCell.h */ = {isa = PBXFileReference; lastKnownFileType = sourcecode.c.h; path = LZNormalTableViewCell.h; sourceTree = "<group>"; };
		1EECB7B027678B1B003745FE /* LZNormalTableViewCell.m */ = {isa = PBXFileReference; lastKnownFileType = sourcecode.c.objc; path = LZNormalTableViewCell.m; sourceTree = "<group>"; };
		1EECB7B2276858CA003745FE /* LZDetailController.h */ = {isa = PBXFileReference; lastKnownFileType = sourcecode.c.h; path = LZDetailController.h; sourceTree = "<group>"; };
		1EECB7B3276858CA003745FE /* LZDetailController.m */ = {isa = PBXFileReference; lastKnownFileType = sourcecode.c.objc; path = LZDetailController.m; sourceTree = "<group>"; };
		1EECB7B527689565003745FE /* LZDeleteCellView.h */ = {isa = PBXFileReference; lastKnownFileType = sourcecode.c.h; path = LZDeleteCellView.h; sourceTree = "<group>"; };
		1EECB7B627689565003745FE /* LZDeleteCellView.m */ = {isa = PBXFileReference; lastKnownFileType = sourcecode.c.objc; path = LZDeleteCellView.m; sourceTree = "<group>"; };
		921E38BE096148A65C424FAC /* Pods-JIKEProject.release.xcconfig */ = {isa = PBXFileReference; includeInIndex = 1; lastKnownFileType = text.xcconfig; name = "Pods-JIKEProject.release.xcconfig"; path = "Target Support Files/Pods-JIKEProject/Pods-JIKEProject.release.xcconfig"; sourceTree = "<group>"; };
		B6FFACD5AF982C44C7990C8B /* Pods-JIKEProject.debug.xcconfig */ = {isa = PBXFileReference; includeInIndex = 1; lastKnownFileType = text.xcconfig; name = "Pods-JIKEProject.debug.xcconfig"; path = "Target Support Files/Pods-JIKEProject/Pods-JIKEProject.debug.xcconfig"; sourceTree = "<group>"; };
/* End PBXFileReference section */

/* Begin PBXFrameworksBuildPhase section */
		1E4904D826E9DF2000E10375 /* Frameworks */ = {
			isa = PBXFrameworksBuildPhase;
			buildActionMask = 2147483647;
			files = (
				3E9C17BA1E42EFB5582330D5 /* libPods-JIKEProject.a in Frameworks */,
			);
			runOnlyForDeploymentPostprocessing = 0;
		};
/* End PBXFrameworksBuildPhase section */

/* Begin PBXGroup section */
		1E4904D226E9DF2000E10375 = {
			isa = PBXGroup;
			children = (
				1E4904DD26E9DF2000E10375 /* JIKEProject */,
				5C2521BB09AF67DD3E5C46C6 /* Pods */,
				F6C6174BEE2725526B520F84 /* Frameworks */,
			);
			sourceTree = "<group>";
		};
		1E4904DC26E9DF2000E10375 /* Products */ = {
			isa = PBXGroup;
			children = (
				1E4904DB26E9DF2000E10375 /* JIKEProject.app */,
			);
			name = Products;
			path = ..;
			sourceTree = "<group>";
		};
		1E4904DD26E9DF2000E10375 /* JIKEProject */ = {
			isa = PBXGroup;
			children = (
				1EECB7B82768F71D003745FE /* NewsController */,
				1E63ABD126F8856E003C94D4 /* VedioController */,
				1E9EFD05276CCAF2002C0D95 /* RecommendController */,
				1E4904DE26E9DF2000E10375 /* AppDelegate.h */,
				1E4904DF26E9DF2000E10375 /* AppDelegate.m */,
				1E4904E126E9DF2000E10375 /* SceneDelegate.h */,
				1E4904E226E9DF2000E10375 /* SceneDelegate.m */,
				1E4904DC26E9DF2000E10375 /* Products */,
				1E4904E726E9DF2000E10375 /* Main.storyboard */,
				1E4904EA26E9DF2200E10375 /* Assets.xcassets */,
				1E4904EC26E9DF2200E10375 /* LaunchScreen.storyboard */,
				1E4904EF26E9DF2200E10375 /* Info.plist */,
				1E4904F026E9DF2200E10375 /* main.m */,
				1ECE006526FC625200A244B8 /* Empty.xib */,
			);
			path = JIKEProject;
			sourceTree = "<group>";
		};
		1E63ABD126F8856E003C94D4 /* VedioController */ = {
			isa = PBXGroup;
			children = (
			);
			path = VedioController;
			sourceTree = "<group>";
		};
		1E9EFCFF276CA7A4002C0D95 /* Controller */ = {
			isa = PBXGroup;
			children = (
				1EECB7932764CD68003745FE /* LZNewsViewController.h */,
				1EECB7942764CD68003745FE /* LZNewsViewController.m */,
			);
			path = Controller;
			sourceTree = "<group>";
		};
		1E9EFD00276CA7B5002C0D95 /* View */ = {
			isa = PBXGroup;
			children = (
				1EECB7AF27678B1B003745FE /* LZNormalTableViewCell.h */,
				1EECB7B027678B1B003745FE /* LZNormalTableViewCell.m */,
				1EECB7B527689565003745FE /* LZDeleteCellView.h */,
				1EECB7B627689565003745FE /* LZDeleteCellView.m */,
			);
			path = View;
			sourceTree = "<group>";
		};
		1E9EFD01276CA7C9002C0D95 /* Model */ = {
			isa = PBXGroup;
			children = (
				1E49053026F1D90000E10375 /* LZListLoader.h */,
				1E49053126F1D90000E10375 /* LZListLoader.m */,
				1E9EFD02276CA86F002C0D95 /* LZListModel.h */,
				1E9EFD03276CA86F002C0D95 /* LZListModel.m */,
			);
			path = Model;
			sourceTree = "<group>";
		};
		1E9EFD05276CCAF2002C0D95 /* RecommendController */ = {
			isa = PBXGroup;
			children = (
				1EECB7AC2767763B003745FE /* LZRecommendController.h */,
				1EECB7AD2767763B003745FE /* LZRecommendController.m */,
			);
			path = RecommendController;
			sourceTree = "<group>";
		};
		1EECB7B82768F71D003745FE /* NewsController */ = {
			isa = PBXGroup;
			children = (
				1E9EFD01276CA7C9002C0D95 /* Model */,
				1E9EFD00276CA7B5002C0D95 /* View */,
				1E9EFCFF276CA7A4002C0D95 /* Controller */,
				1EECB7B92768F755003745FE /* Detail */,
				1EECB7B2276858CA003745FE /* LZDetailController.h */,
				1EECB7B3276858CA003745FE /* LZDetailController.m */,
			);
			path = NewsController;
			sourceTree = "<group>";
		};
		1EECB7B92768F755003745FE /* Detail */ = {
			isa = PBXGroup;
			children = (
			);
			path = Detail;
			sourceTree = "<group>";
		};
		5C2521BB09AF67DD3E5C46C6 /* Pods */ = {
			isa = PBXGroup;
			children = (
				B6FFACD5AF982C44C7990C8B /* Pods-JIKEProject.debug.xcconfig */,
				921E38BE096148A65C424FAC /* Pods-JIKEProject.release.xcconfig */,
			);
			path = Pods;
			sourceTree = "<group>";
		};
		F6C6174BEE2725526B520F84 /* Frameworks */ = {
			isa = PBXGroup;
			children = (
				0A0EE2DB9E320D7C7CC30D14 /* libPods-JIKEProject.a */,
			);
			name = Frameworks;
			sourceTree = "<group>";
		};
/* End PBXGroup section */

/* Begin PBXNativeTarget section */
		1E4904DA26E9DF2000E10375 /* JIKEProject */ = {
			isa = PBXNativeTarget;
			buildConfigurationList = 1E4904F426E9DF2200E10375 /* Build configuration list for PBXNativeTarget "JIKEProject" */;
			buildPhases = (
				BF446EB836F48588C4C1C3E7 /* [CP] Check Pods Manifest.lock */,
				1E4904D726E9DF2000E10375 /* Sources */,
				1E4904D826E9DF2000E10375 /* Frameworks */,
				1E4904D926E9DF2000E10375 /* Resources */,
			);
			buildRules = (
			);
			dependencies = (
			);
			name = JIKEProject;
			productName = JIKEProject;
			productReference = 1E4904DB26E9DF2000E10375 /* JIKEProject.app */;
			productType = "com.apple.product-type.application";
		};
/* End PBXNativeTarget section */

/* Begin PBXProject section */
		1E4904D326E9DF2000E10375 /* Project object */ = {
			isa = PBXProject;
			attributes = {
				LastUpgradeCheck = 1250;
				TargetAttributes = {
					1E4904DA26E9DF2000E10375 = {
						CreatedOnToolsVersion = 12.5.1;
					};
				};
			};
			buildConfigurationList = 1E4904D626E9DF2000E10375 /* Build configuration list for PBXProject "JIKEProject" */;
			compatibilityVersion = "Xcode 9.3";
			developmentRegion = en;
			hasScannedForEncodings = 0;
			knownRegions = (
				en,
				Base,
			);
			mainGroup = 1E4904D226E9DF2000E10375;
			productRefGroup = 1E4904DC26E9DF2000E10375 /* Products */;
			projectDirPath = "";
			projectRoot = "";
			targets = (
				1E4904DA26E9DF2000E10375 /* JIKEProject */,
			);
		};
/* End PBXProject section */

/* Begin PBXResourcesBuildPhase section */
		1E4904D926E9DF2000E10375 /* Resources */ = {
			isa = PBXResourcesBuildPhase;
			buildActionMask = 2147483647;
			files = (
				1E4904EE26E9DF2200E10375 /* LaunchScreen.storyboard in Resources */,
				1ECE006626FC625200A244B8 /* Empty.xib in Resources */,
				1E4904EB26E9DF2200E10375 /* Assets.xcassets in Resources */,
				1E4904E926E9DF2000E10375 /* Main.storyboard in Resources */,
			);
			runOnlyForDeploymentPostprocessing = 0;
		};
/* End PBXResourcesBuildPhase section */

/* Begin PBXShellScriptBuildPhase section */
		BF446EB836F48588C4C1C3E7 /* [CP] Check Pods Manifest.lock */ = {
			isa = PBXShellScriptBuildPhase;
			buildActionMask = 2147483647;
			files = (
			);
			inputFileListPaths = (
			);
			inputPaths = (
				"${PODS_PODFILE_DIR_PATH}/Podfile.lock",
				"${PODS_ROOT}/Manifest.lock",
			);
			name = "[CP] Check Pods Manifest.lock";
			outputFileListPaths = (
			);
			outputPaths = (
				"$(DERIVED_FILE_DIR)/Pods-JIKEProject-checkManifestLockResult.txt",
			);
			runOnlyForDeploymentPostprocessing = 0;
			shellPath = /bin/sh;
			shellScript = "diff \"${PODS_PODFILE_DIR_PATH}/Podfile.lock\" \"${PODS_ROOT}/Manifest.lock\" > /dev/null\nif [ $? != 0 ] ; then\n    # print error to STDERR\n    echo \"error: The sandbox is not in sync with the Podfile.lock. Run 'pod install' or update your CocoaPods installation.\" >&2\n    exit 1\nfi\n# This output is used by Xcode 'outputs' to avoid re-running this script phase.\necho \"SUCCESS\" > \"${SCRIPT_OUTPUT_FILE_0}\"\n";
			showEnvVarsInLog = 0;
		};
/* End PBXShellScriptBuildPhase section */

/* Begin PBXSourcesBuildPhase section */
		1E4904D726E9DF2000E10375 /* Sources */ = {
			isa = PBXSourcesBuildPhase;
			buildActionMask = 2147483647;
			files = (
				1E49053226F1D90000E10375 /* LZListLoader.m in Sources */,
				1EECB7AE2767763B003745FE /* LZRecommendController.m in Sources */,
				1EECB7B4276858CA003745FE /* LZDetailController.m in Sources */,
				1EECB7B727689565003745FE /* LZDeleteCellView.m in Sources */,
				1E4904E026E9DF2000E10375 /* AppDelegate.m in Sources */,
				1EECB7B127678B1B003745FE /* LZNormalTableViewCell.m in Sources */,
				1E4904F126E9DF2200E10375 /* main.m in Sources */,
				1E9EFD04276CA86F002C0D95 /* LZListModel.m in Sources */,
				1E4904E326E9DF2000E10375 /* SceneDelegate.m in Sources */,
				1EECB7952764CD68003745FE /* LZNewsViewController.m in Sources */,
			);
			runOnlyForDeploymentPostprocessing = 0;
		};
/* End PBXSourcesBuildPhase section */

/* Begin PBXVariantGroup section */
		1E4904E726E9DF2000E10375 /* Main.storyboard */ = {
			isa = PBXVariantGroup;
			children = (
				1E4904E826E9DF2000E10375 /* Base */,
			);
			name = Main.storyboard;
			sourceTree = "<group>";
		};
		1E4904EC26E9DF2200E10375 /* LaunchScreen.storyboard */ = {
			isa = PBXVariantGroup;
			children = (
				1E4904ED26E9DF2200E10375 /* Base */,
			);
			name = LaunchScreen.storyboard;
			sourceTree = "<group>";
		};
/* End PBXVariantGroup section */

/* Begin XCBuildConfiguration section */
		1E4904F226E9DF2200E10375 /* Debug */ = {
			isa = XCBuildConfiguration;
			buildSettings = {
				ALWAYS_SEARCH_USER_PATHS = NO;
				CLANG_ANALYZER_NONNULL = YES;
				CLANG_ANALYZER_NUMBER_OBJECT_CONVERSION = YES_AGGRESSIVE;
				CLANG_CXX_LANGUAGE_STANDARD = "gnu++14";
				CLANG_CXX_LIBRARY = "libc++";
				CLANG_ENABLE_MODULES = YES;
				CLANG_ENABLE_OBJC_ARC = YES;
				CLANG_ENABLE_OBJC_WEAK = YES;
				CLANG_WARN_BLOCK_CAPTURE_AUTORELEASING = YES;
				CLANG_WARN_BOOL_CONVERSION = YES;
				CLANG_WARN_COMMA = YES;
				CLANG_WARN_CONSTANT_CONVERSION = YES;
				CLANG_WARN_DEPRECATED_OBJC_IMPLEMENTATIONS = YES;
				CLANG_WARN_DIRECT_OBJC_ISA_USAGE = YES_ERROR;
				CLANG_WARN_DOCUMENTATION_COMMENTS = YES;
				CLANG_WARN_EMPTY_BODY = YES;
				CLANG_WARN_ENUM_CONVERSION = YES;
				CLANG_WARN_INFINITE_RECURSION = YES;
				CLANG_WARN_INT_CONVERSION = YES;
				CLANG_WARN_NON_LITERAL_NULL_CONVERSION = YES;
				CLANG_WARN_OBJC_IMPLICIT_RETAIN_SELF = YES;
				CLANG_WARN_OBJC_LITERAL_CONVERSION = YES;
				CLANG_WARN_OBJC_ROOT_CLASS = YES_ERROR;
				CLANG_WARN_QUOTED_INCLUDE_IN_FRAMEWORK_HEADER = YES;
				CLANG_WARN_RANGE_LOOP_ANALYSIS = YES;
				CLANG_WARN_STRICT_PROTOTYPES = YES;
				CLANG_WARN_SUSPICIOUS_MOVE = YES;
				CLANG_WARN_UNGUARDED_AVAILABILITY = YES_AGGRESSIVE;
				CLANG_WARN_UNREACHABLE_CODE = YES;
				CLANG_WARN__DUPLICATE_METHOD_MATCH = YES;
				COPY_PHASE_STRIP = NO;
				DEBUG_INFORMATION_FORMAT = dwarf;
				ENABLE_STRICT_OBJC_MSGSEND = YES;
				ENABLE_TESTABILITY = YES;
				GCC_C_LANGUAGE_STANDARD = gnu11;
				GCC_DYNAMIC_NO_PIC = NO;
				GCC_NO_COMMON_BLOCKS = YES;
				GCC_OPTIMIZATION_LEVEL = 0;
				GCC_PREPROCESSOR_DEFINITIONS = (
					"DEBUG=1",
					"$(inherited)",
				);
				GCC_WARN_64_TO_32_BIT_CONVERSION = YES;
				GCC_WARN_ABOUT_RETURN_TYPE = YES_ERROR;
				GCC_WARN_UNDECLARED_SELECTOR = YES;
				GCC_WARN_UNINITIALIZED_AUTOS = YES_AGGRESSIVE;
				GCC_WARN_UNUSED_FUNCTION = YES;
				GCC_WARN_UNUSED_VARIABLE = YES;
				IPHONEOS_DEPLOYMENT_TARGET = 14.5;
				MTL_ENABLE_DEBUG_INFO = INCLUDE_SOURCE;
				MTL_FAST_MATH = YES;
				ONLY_ACTIVE_ARCH = YES;
				SDKROOT = iphoneos;
			};
			name = Debug;
		};
		1E4904F326E9DF2200E10375 /* Release */ = {
			isa = XCBuildConfiguration;
			buildSettings = {
				ALWAYS_SEARCH_USER_PATHS = NO;
				CLANG_ANALYZER_NONNULL = YES;
				CLANG_ANALYZER_NUMBER_OBJECT_CONVERSION = YES_AGGRESSIVE;
				CLANG_CXX_LANGUAGE_STANDARD = "gnu++14";
				CLANG_CXX_LIBRARY = "libc++";
				CLANG_ENABLE_MODULES = YES;
				CLANG_ENABLE_OBJC_ARC = YES;
				CLANG_ENABLE_OBJC_WEAK = YES;
				CLANG_WARN_BLOCK_CAPTURE_AUTORELEASING = YES;
				CLANG_WARN_BOOL_CONVERSION = YES;
				CLANG_WARN_COMMA = YES;
				CLANG_WARN_CONSTANT_CONVERSION = YES;
				CLANG_WARN_DEPRECATED_OBJC_IMPLEMENTATIONS = YES;
				CLANG_WARN_DIRECT_OBJC_ISA_USAGE = YES_ERROR;
				CLANG_WARN_DOCUMENTATION_COMMENTS = YES;
				CLANG_WARN_EMPTY_BODY = YES;
				CLANG_WARN_ENUM_CONVERSION = YES;
				CLANG_WARN_INFINITE_RECURSION = YES;
				CLANG_WARN_INT_CONVERSION = YES;
				CLANG_WARN_NON_LITERAL_NULL_CONVERSION = YES;
				CLANG_WARN_OBJC_IMPLICIT_RETAIN_SELF = YES;
				CLANG_WARN_OBJC_LITERAL_CONVERSION = YES;
				CLANG_WARN_OBJC_ROOT_CLASS = YES_ERROR;
				CLANG_WARN_QUOTED_INCLUDE_IN_FRAMEWORK_HEADER = YES;
				CLANG_WARN_RANGE_LOOP_ANALYSIS = YES;
				CLANG_WARN_STRICT_PROTOTYPES = YES;
				CLANG_WARN_SUSPICIOUS_MOVE = YES;
				CLANG_WARN_UNGUARDED_AVAILABILITY = YES_AGGRESSIVE;
				CLANG_WARN_UNREACHABLE_CODE = YES;
				CLANG_WARN__DUPLICATE_METHOD_MATCH = YES;
				COPY_PHASE_STRIP = NO;
				DEBUG_INFORMATION_FORMAT = "dwarf-with-dsym";
				ENABLE_NS_ASSERTIONS = NO;
				ENABLE_STRICT_OBJC_MSGSEND = YES;
				GCC_C_LANGUAGE_STANDARD = gnu11;
				GCC_NO_COMMON_BLOCKS = YES;
				GCC_WARN_64_TO_32_BIT_CONVERSION = YES;
				GCC_WARN_ABOUT_RETURN_TYPE = YES_ERROR;
				GCC_WARN_UNDECLARED_SELECTOR = YES;
				GCC_WARN_UNINITIALIZED_AUTOS = YES_AGGRESSIVE;
				GCC_WARN_UNUSED_FUNCTION = YES;
				GCC_WARN_UNUSED_VARIABLE = YES;
				IPHONEOS_DEPLOYMENT_TARGET = 14.5;
				MTL_ENABLE_DEBUG_INFO = NO;
				MTL_FAST_MATH = YES;
				SDKROOT = iphoneos;
				VALIDATE_PRODUCT = YES;
			};
			name = Release;
		};
		1E4904F526E9DF2200E10375 /* Debug */ = {
			isa = XCBuildConfiguration;
			baseConfigurationReference = B6FFACD5AF982C44C7990C8B /* Pods-JIKEProject.debug.xcconfig */;
			buildSettings = {
				ASSETCATALOG_COMPILER_APPICON_NAME = AppIcon;
				ASSETCATALOG_COMPILER_GLOBAL_ACCENT_COLOR_NAME = AccentColor;
				ASSETCATALOG_COMPILER_INCLUDE_ALL_APPICON_ASSETS = YES;
				CODE_SIGN_STYLE = Automatic;
				DEVELOPMENT_TEAM = 56M9G56M39;
				INFOPLIST_FILE = JIKEProject/Info.plist;
				LD_RUNPATH_SEARCH_PATHS = (
					"$(inherited)",
					"@executable_path/Frameworks",
				);
				PRODUCT_BUNDLE_IDENTIFIER = com.linzhennan.JIKEProject;
				PRODUCT_NAME = "$(TARGET_NAME)";
				TARGETED_DEVICE_FAMILY = "1,2";
			};
			name = Debug;
		};
		1E4904F626E9DF2200E10375 /* Release */ = {
			isa = XCBuildConfiguration;
			baseConfigurationReference = 921E38BE096148A65C424FAC /* Pods-JIKEProject.release.xcconfig */;
			buildSettings = {
				ASSETCATALOG_COMPILER_APPICON_NAME = AppIcon;
				ASSETCATALOG_COMPILER_GLOBAL_ACCENT_COLOR_NAME = AccentColor;
				ASSETCATALOG_COMPILER_INCLUDE_ALL_APPICON_ASSETS = YES;
				CODE_SIGN_STYLE = Automatic;
				DEVELOPMENT_TEAM = 56M9G56M39;
				INFOPLIST_FILE = JIKEProject/Info.plist;
				LD_RUNPATH_SEARCH_PATHS = (
					"$(inherited)",
					"@executable_path/Frameworks",
				);
				PRODUCT_BUNDLE_IDENTIFIER = com.linzhennan.JIKEProject;
				PRODUCT_NAME = "$(TARGET_NAME)";
				TARGETED_DEVICE_FAMILY = "1,2";
			};
			name = Release;
		};
/* End XCBuildConfiguration section */

/* Begin XCConfigurationList section */
		1E4904D626E9DF2000E10375 /* Build configuration list for PBXProject "JIKEProject" */ = {
			isa = XCConfigurationList;
			buildConfigurations = (
				1E4904F226E9DF2200E10375 /* Debug */,
				1E4904F326E9DF2200E10375 /* Release */,
			);
			defaultConfigurationIsVisible = 0;
			defaultConfigurationName = Release;
		};
		1E4904F426E9DF2200E10375 /* Build configuration list for PBXNativeTarget "JIKEProject" */ = {
			isa = XCConfigurationList;
			buildConfigurations = (
				1E4904F526E9DF2200E10375 /* Debug */,
				1E4904F626E9DF2200E10375 /* Release */,
			);
			defaultConfigurationIsVisible = 0;
			defaultConfigurationName = Release;
		};
/* End XCConfigurationList section */
	};
	rootObject = 1E4904D326E9DF2000E10375 /* Project object */;
}
